
Microsoft Visual Studio Solution File, Format Version 12.00
# Visual Studio Version 17
VisualStudioVersion = 17.1.32210.238
MinimumVisualStudioVersion = 10.0.40219.1
Project("{8BC9CEB8-8B4A-11D0-8D11-00A0C91BC942}") = "giflib", "libs\dependencies\giflib\giflib.vcxproj", "{C6C76793-F534-49E7-8C37-195E6AA334E6}"
EndProject
Project("{8BC9CEB8-8B4A-11D0-8D11-00A0C91BC942}") = "libjpeg", "libs\dependencies\libjpeg\libjpeg.vcxproj", "{5063B9A1-C79C-457B-8188-B0D89FF4D635}"
EndProject
Project("{8BC9CEB8-8B4A-11D0-8D11-00A0C91BC942}") = "liblept-DLL", "libs\dependencies\liblept\liblept-DLL\liblept-DLL.vcxproj", "{0DBBA715-C713-4150-90C0-7D8FF03B3B63}"
	ProjectSection(ProjectDependencies) = postProject
		{F0332933-C8FB-4E32-AAB5-A8974812D0AE} = {F0332933-C8FB-4E32-AAB5-A8974812D0AE}
		{67A17178-ED41-48D6-811E-0FBB079ABA08} = {67A17178-ED41-48D6-811E-0FBB079ABA08}
		{9EA2877F-F2B8-4345-9771-E024FCA67407} = {9EA2877F-F2B8-4345-9771-E024FCA67407}
		{C6C76793-F534-49E7-8C37-195E6AA334E6} = {C6C76793-F534-49E7-8C37-195E6AA334E6}
		{5063B9A1-C79C-457B-8188-B0D89FF4D635} = {5063B9A1-C79C-457B-8188-B0D89FF4D635}
	EndProjectSection
EndProject
Project("{8BC9CEB8-8B4A-11D0-8D11-00A0C91BC942}") = "liblept-static", "libs\dependencies\liblept\liblept-static\liblept-static.vcxproj", "{9015E829-578E-478E-93D9-EFD6928AC994}"
EndProject
Project("{8BC9CEB8-8B4A-11D0-8D11-00A0C91BC942}") = "libpng", "libs\dependencies\libpng\libpng.vcxproj", "{F0332933-C8FB-4E32-AAB5-A8974812D0AE}"
EndProject
Project("{8BC9CEB8-8B4A-11D0-8D11-00A0C91BC942}") = "libtiff", "libs\dependencies\libtiff\libtiff.vcxproj", "{9EA2877F-F2B8-4345-9771-E024FCA67407}"
EndProject
Project("{8BC9CEB8-8B4A-11D0-8D11-00A0C91BC942}") = "zlib", "libs\dependencies\zlib\zlib.vcxproj", "{67A17178-ED41-48D6-811E-0FBB079ABA08}"
EndProject
Project("{8BC9CEB8-8B4A-11D0-8D11-00A0C91BC942}") = "libtesseract-DLL", "libs\dependencies\tesseract\libtesseract-DLL\libtesseract-DLL.vcxproj", "{9D0841E6-09A0-4896-8DBA-B5BF08D4A811}"
	ProjectSection(ProjectDependencies) = postProject
		{0DBBA715-C713-4150-90C0-7D8FF03B3B63} = {0DBBA715-C713-4150-90C0-7D8FF03B3B63}
		{9015E829-578E-478E-93D9-EFD6928AC994} = {9015E829-578E-478E-93D9-EFD6928AC994}
		{F0332933-C8FB-4E32-AAB5-A8974812D0AE} = {F0332933-C8FB-4E32-AAB5-A8974812D0AE}
		{67A17178-ED41-48D6-811E-0FBB079ABA08} = {67A17178-ED41-48D6-811E-0FBB079ABA08}
		{9EA2877F-F2B8-4345-9771-E024FCA67407} = {9EA2877F-F2B8-4345-9771-E024FCA67407}
		{C6C76793-F534-49E7-8C37-195E6AA334E6} = {C6C76793-F534-49E7-8C37-195E6AA334E6}
		{5063B9A1-C79C-457B-8188-B0D89FF4D635} = {5063B9A1-C79C-457B-8188-B0D89FF4D635}
	EndProjectSection
EndProject
Project("{2150E333-8FDC-42A3-9474-1A3956D46DE8}") = "Solution Items", "Solution Items", "{1E2F0B29-D6FE-46B7-AA0E-238A90517D4A}"
EndProject
Project("{8BC9CEB8-8B4A-11D0-8D11-00A0C91BC942}") = "libtesseract-static", "libs\dependencies\tesseract\libtesseract-static\libtesseract-static.vcxproj", "{3B3B5669-C3C7-4F4D-9DF5-F6981067C56A}"
EndProject
Project("{8BC9CEB8-8B4A-11D0-8D11-00A0C91BC942}") = "libopenalpr", "libs\libopenalpr\libopenalpr.vcxproj", "{76632AF7-C7F7-432E-9A6F-36DAD665DE20}"
	ProjectSection(ProjectDependencies) = postProject
		{0DBBA715-C713-4150-90C0-7D8FF03B3B63} = {0DBBA715-C713-4150-90C0-7D8FF03B3B63}
		{3B3B5669-C3C7-4F4D-9DF5-F6981067C56A} = {3B3B5669-C3C7-4F4D-9DF5-F6981067C56A}
	EndProjectSection
EndProject
Project("{8BC9CEB8-8B4A-11D0-8D11-00A0C91BC942}") = "alpr", "alpr\alpr.vcxproj", "{481D9EEB-E626-40EB-9987-5511D2677CAA}"
	ProjectSection(ProjectDependencies) = postProject
		{0DBBA715-C713-4150-90C0-7D8FF03B3B63} = {0DBBA715-C713-4150-90C0-7D8FF03B3B63}
		{F0332933-C8FB-4E32-AAB5-A8974812D0AE} = {F0332933-C8FB-4E32-AAB5-A8974812D0AE}
		{3B3B5669-C3C7-4F4D-9DF5-F6981067C56A} = {3B3B5669-C3C7-4F4D-9DF5-F6981067C56A}
		{67A17178-ED41-48D6-811E-0FBB079ABA08} = {67A17178-ED41-48D6-811E-0FBB079ABA08}
		{9EA2877F-F2B8-4345-9771-E024FCA67407} = {9EA2877F-F2B8-4345-9771-E024FCA67407}
		{C6C76793-F534-49E7-8C37-195E6AA334E6} = {C6C76793-F534-49E7-8C37-195E6AA334E6}
		{5063B9A1-C79C-457B-8188-B0D89FF4D635} = {5063B9A1-C79C-457B-8188-B0D89FF4D635}
		{76632AF7-C7F7-432E-9A6F-36DAD665DE20} = {76632AF7-C7F7-432E-9A6F-36DAD665DE20}
	EndProjectSection
EndProject
Project("{8BC9CEB8-8B4A-11D0-8D11-00A0C91BC942}") = "lgdemo", "lgdemo\lgdemo.vcxproj", "{500F6A26-8857-4CA8-B723-F68DF2ED7806}"
	ProjectSection(ProjectDependencies) = postProject
		{0DBBA715-C713-4150-90C0-7D8FF03B3B63} = {0DBBA715-C713-4150-90C0-7D8FF03B3B63}
		{3B3B5669-C3C7-4F4D-9DF5-F6981067C56A} = {3B3B5669-C3C7-4F4D-9DF5-F6981067C56A}
		{76632AF7-C7F7-432E-9A6F-36DAD665DE20} = {76632AF7-C7F7-432E-9A6F-36DAD665DE20}
	EndProjectSection
EndProject
Project("{8BC9CEB8-8B4A-11D0-8D11-00A0C91BC942}") = "OpenCVDeviceEnumerator", "OpenCVDeviceEnumerator\OpenCVDeviceEnumerator.vcxproj", "{3AF6B86D-258D-406C-9BC3-0F243EE730F1}"
EndProject
Project("{8BC9CEB8-8B4A-11D0-8D11-00A0C91BC942}") = "loaddb", "loaddb\loaddb.vcxproj", "{678231F6-E5E5-473B-9A59-2F9CC62481A4}"
EndProject
Project("{8BC9CEB8-8B4A-11D0-8D11-00A0C91BC942}") = "server", "server\server.vcxproj", "{765F4845-1C40-4F12-9A18-64518E9E41CE}"
EndProject
Global
	GlobalSection(SolutionConfigurationPlatforms) = preSolution
		Debug|x64 = Debug|x64
		Debug|x86 = Debug|x86
		Release|x64 = Release|x64
		Release|x86 = Release|x86
	EndGlobalSection
	GlobalSection(ProjectConfigurationPlatforms) = postSolution
		{C6C76793-F534-49E7-8C37-195E6AA334E6}.Debug|x64.ActiveCfg = Debug|x64
		{C6C76793-F534-49E7-8C37-195E6AA334E6}.Debug|x64.Build.0 = Debug|x64
		{C6C76793-F534-49E7-8C37-195E6AA334E6}.Debug|x86.ActiveCfg = Debug|Win32
		{C6C76793-F534-49E7-8C37-195E6AA334E6}.Debug|x86.Build.0 = Debug|Win32
		{C6C76793-F534-49E7-8C37-195E6AA334E6}.Release|x64.ActiveCfg = Release|x64
		{C6C76793-F534-49E7-8C37-195E6AA334E6}.Release|x64.Build.0 = Release|x64
		{C6C76793-F534-49E7-8C37-195E6AA334E6}.Release|x86.ActiveCfg = Release|Win32
		{C6C76793-F534-49E7-8C37-195E6AA334E6}.Release|x86.Build.0 = Release|Win32
		{5063B9A1-C79C-457B-8188-B0D89FF4D635}.Debug|x64.ActiveCfg = Debug|x64
		{5063B9A1-C79C-457B-8188-B0D89FF4D635}.Debug|x64.Build.0 = Debug|x64
		{5063B9A1-C79C-457B-8188-B0D89FF4D635}.Debug|x86.ActiveCfg = Debug|Win32
		{5063B9A1-C79C-457B-8188-B0D89FF4D635}.Debug|x86.Build.0 = Debug|Win32
		{5063B9A1-C79C-457B-8188-B0D89FF4D635}.Release|x64.ActiveCfg = Release|x64
		{5063B9A1-C79C-457B-8188-B0D89FF4D635}.Release|x64.Build.0 = Release|x64
		{5063B9A1-C79C-457B-8188-B0D89FF4D635}.Release|x86.ActiveCfg = Release|Win32
		{5063B9A1-C79C-457B-8188-B0D89FF4D635}.Release|x86.Build.0 = Release|Win32
		{0DBBA715-C713-4150-90C0-7D8FF03B3B63}.Debug|x64.ActiveCfg = Debug|x64
		{0DBBA715-C713-4150-90C0-7D8FF03B3B63}.Debug|x64.Build.0 = Debug|x64
		{0DBBA715-C713-4150-90C0-7D8FF03B3B63}.Debug|x86.ActiveCfg = Debug|Win32
		{0DBBA715-C713-4150-90C0-7D8FF03B3B63}.Debug|x86.Build.0 = Debug|Win32
		{0DBBA715-C713-4150-90C0-7D8FF03B3B63}.Release|x64.ActiveCfg = Release|x64
		{0DBBA715-C713-4150-90C0-7D8FF03B3B63}.Release|x64.Build.0 = Release|x64
		{0DBBA715-C713-4150-90C0-7D8FF03B3B63}.Release|x86.ActiveCfg = Release|Win32
		{0DBBA715-C713-4150-90C0-7D8FF03B3B63}.Release|x86.Build.0 = Release|Win32
		{9015E829-578E-478E-93D9-EFD6928AC994}.Debug|x64.ActiveCfg = Debug|x64
		{9015E829-578E-478E-93D9-EFD6928AC994}.Debug|x64.Build.0 = Debug|x64
		{9015E829-578E-478E-93D9-EFD6928AC994}.Debug|x86.ActiveCfg = Debug|Win32
		{9015E829-578E-478E-93D9-EFD6928AC994}.Debug|x86.Build.0 = Debug|Win32
		{9015E829-578E-478E-93D9-EFD6928AC994}.Release|x64.ActiveCfg = Release|x64
		{9015E829-578E-478E-93D9-EFD6928AC994}.Release|x64.Build.0 = Release|x64
		{9015E829-578E-478E-93D9-EFD6928AC994}.Release|x86.ActiveCfg = Release|Win32
		{9015E829-578E-478E-93D9-EFD6928AC994}.Release|x86.Build.0 = Release|Win32
		{F0332933-C8FB-4E32-AAB5-A8974812D0AE}.Debug|x64.ActiveCfg = Debug|x64
		{F0332933-C8FB-4E32-AAB5-A8974812D0AE}.Debug|x64.Build.0 = Debug|x64
		{F0332933-C8FB-4E32-AAB5-A8974812D0AE}.Debug|x86.ActiveCfg = Debug|Win32
		{F0332933-C8FB-4E32-AAB5-A8974812D0AE}.Debug|x86.Build.0 = Debug|Win32
		{F0332933-C8FB-4E32-AAB5-A8974812D0AE}.Release|x64.ActiveCfg = Release|x64
		{F0332933-C8FB-4E32-AAB5-A8974812D0AE}.Release|x64.Build.0 = Release|x64
		{F0332933-C8FB-4E32-AAB5-A8974812D0AE}.Release|x86.ActiveCfg = Release|Win32
		{F0332933-C8FB-4E32-AAB5-A8974812D0AE}.Release|x86.Build.0 = Release|Win32
		{9EA2877F-F2B8-4345-9771-E024FCA67407}.Debug|x64.ActiveCfg = Debug|x64
		{9EA2877F-F2B8-4345-9771-E024FCA67407}.Debug|x64.Build.0 = Debug|x64
		{9EA2877F-F2B8-4345-9771-E024FCA67407}.Debug|x86.ActiveCfg = Debug|Win32
		{9EA2877F-F2B8-4345-9771-E024FCA67407}.Debug|x86.Build.0 = Debug|Win32
		{9EA2877F-F2B8-4345-9771-E024FCA67407}.Release|x64.ActiveCfg = Release|x64
		{9EA2877F-F2B8-4345-9771-E024FCA67407}.Release|x64.Build.0 = Release|x64
		{9EA2877F-F2B8-4345-9771-E024FCA67407}.Release|x86.ActiveCfg = Release|Win32
		{9EA2877F-F2B8-4345-9771-E024FCA67407}.Release|x86.Build.0 = Release|Win32
		{67A17178-ED41-48D6-811E-0FBB079ABA08}.Debug|x64.ActiveCfg = Debug|x64
		{67A17178-ED41-48D6-811E-0FBB079ABA08}.Debug|x64.Build.0 = Debug|x64
		{67A17178-ED41-48D6-811E-0FBB079ABA08}.Debug|x86.ActiveCfg = Debug|Win32
		{67A17178-ED41-48D6-811E-0FBB079ABA08}.Debug|x86.Build.0 = Debug|Win32
		{67A17178-ED41-48D6-811E-0FBB079ABA08}.Release|x64.ActiveCfg = Release|x64
		{67A17178-ED41-48D6-811E-0FBB079ABA08}.Release|x64.Build.0 = Release|x64
		{67A17178-ED41-48D6-811E-0FBB079ABA08}.Release|x86.ActiveCfg = Release|Win32
		{67A17178-ED41-48D6-811E-0FBB079ABA08}.Release|x86.Build.0 = Release|Win32
		{9D0841E6-09A0-4896-8DBA-B5BF08D4A811}.Debug|x64.ActiveCfg = Debug|x64
		{9D0841E6-09A0-4896-8DBA-B5BF08D4A811}.Debug|x64.Build.0 = Debug|x64
		{9D0841E6-09A0-4896-8DBA-B5BF08D4A811}.Debug|x86.ActiveCfg = Debug|Win32
		{9D0841E6-09A0-4896-8DBA-B5BF08D4A811}.Debug|x86.Build.0 = Debug|Win32
		{9D0841E6-09A0-4896-8DBA-B5BF08D4A811}.Release|x64.ActiveCfg = Release|x64
		{9D0841E6-09A0-4896-8DBA-B5BF08D4A811}.Release|x64.Build.0 = Release|x64
		{9D0841E6-09A0-4896-8DBA-B5BF08D4A811}.Release|x86.ActiveCfg = Release|Win32
		{9D0841E6-09A0-4896-8DBA-B5BF08D4A811}.Release|x86.Build.0 = Release|Win32
		{3B3B5669-C3C7-4F4D-9DF5-F6981067C56A}.Debug|x64.ActiveCfg = Debug|x64
		{3B3B5669-C3C7-4F4D-9DF5-F6981067C56A}.Debug|x64.Build.0 = Debug|x64
		{3B3B5669-C3C7-4F4D-9DF5-F6981067C56A}.Debug|x86.ActiveCfg = Debug|Win32
		{3B3B5669-C3C7-4F4D-9DF5-F6981067C56A}.Debug|x86.Build.0 = Debug|Win32
		{3B3B5669-C3C7-4F4D-9DF5-F6981067C56A}.Release|x64.ActiveCfg = Release|x64
		{3B3B5669-C3C7-4F4D-9DF5-F6981067C56A}.Release|x64.Build.0 = Release|x64
		{3B3B5669-C3C7-4F4D-9DF5-F6981067C56A}.Release|x86.ActiveCfg = Release|Win32
		{3B3B5669-C3C7-4F4D-9DF5-F6981067C56A}.Release|x86.Build.0 = Release|Win32
		{76632AF7-C7F7-432E-9A6F-36DAD665DE20}.Debug|x64.ActiveCfg = Debug|x64
		{76632AF7-C7F7-432E-9A6F-36DAD665DE20}.Debug|x64.Build.0 = Debug|x64
		{76632AF7-C7F7-432E-9A6F-36DAD665DE20}.Debug|x86.ActiveCfg = Debug|Win32
		{76632AF7-C7F7-432E-9A6F-36DAD665DE20}.Debug|x86.Build.0 = Debug|Win32
		{76632AF7-C7F7-432E-9A6F-36DAD665DE20}.Release|x64.ActiveCfg = Release|x64
		{76632AF7-C7F7-432E-9A6F-36DAD665DE20}.Release|x64.Build.0 = Release|x64
		{76632AF7-C7F7-432E-9A6F-36DAD665DE20}.Release|x86.ActiveCfg = Release|Win32
		{76632AF7-C7F7-432E-9A6F-36DAD665DE20}.Release|x86.Build.0 = Release|Win32
		{481D9EEB-E626-40EB-9987-5511D2677CAA}.Debug|x64.ActiveCfg = Debug|x64
		{481D9EEB-E626-40EB-9987-5511D2677CAA}.Debug|x64.Build.0 = Debug|x64
		{481D9EEB-E626-40EB-9987-5511D2677CAA}.Debug|x86.ActiveCfg = Debug|Win32
		{481D9EEB-E626-40EB-9987-5511D2677CAA}.Debug|x86.Build.0 = Debug|Win32
		{481D9EEB-E626-40EB-9987-5511D2677CAA}.Release|x64.ActiveCfg = Release|x64
		{481D9EEB-E626-40EB-9987-5511D2677CAA}.Release|x64.Build.0 = Release|x64
		{481D9EEB-E626-40EB-9987-5511D2677CAA}.Release|x86.ActiveCfg = Release|Win32
		{481D9EEB-E626-40EB-9987-5511D2677CAA}.Release|x86.Build.0 = Release|Win32
		{500F6A26-8857-4CA8-B723-F68DF2ED7806}.Debug|x64.ActiveCfg = Debug|x64
		{500F6A26-8857-4CA8-B723-F68DF2ED7806}.Debug|x64.Build.0 = Debug|x64
		{500F6A26-8857-4CA8-B723-F68DF2ED7806}.Debug|x86.ActiveCfg = Debug|Win32
		{500F6A26-8857-4CA8-B723-F68DF2ED7806}.Debug|x86.Build.0 = Debug|Win32
		{500F6A26-8857-4CA8-B723-F68DF2ED7806}.Release|x64.ActiveCfg = Release|x64
		{500F6A26-8857-4CA8-B723-F68DF2ED7806}.Release|x64.Build.0 = Release|x64
		{500F6A26-8857-4CA8-B723-F68DF2ED7806}.Release|x86.ActiveCfg = Release|Win32
		{500F6A26-8857-4CA8-B723-F68DF2ED7806}.Release|x86.Build.0 = Release|Win32
		{3AF6B86D-258D-406C-9BC3-0F243EE730F1}.Debug|x64.ActiveCfg = Debug|x64
		{3AF6B86D-258D-406C-9BC3-0F243EE730F1}.Debug|x64.Build.0 = Debug|x64
		{3AF6B86D-258D-406C-9BC3-0F243EE730F1}.Debug|x86.ActiveCfg = Debug|Win32
		{3AF6B86D-258D-406C-9BC3-0F243EE730F1}.Debug|x86.Build.0 = Debug|Win32
		{3AF6B86D-258D-406C-9BC3-0F243EE730F1}.Release|x64.ActiveCfg = Release|x64
		{3AF6B86D-258D-406C-9BC3-0F243EE730F1}.Release|x64.Build.0 = Release|x64
		{3AF6B86D-258D-406C-9BC3-0F243EE730F1}.Release|x86.ActiveCfg = Release|Win32
		{3AF6B86D-258D-406C-9BC3-0F243EE730F1}.Release|x86.Build.0 = Release|Win32
		{678231F6-E5E5-473B-9A59-2F9CC62481A4}.Debug|x64.ActiveCfg = Debug|x64
		{678231F6-E5E5-473B-9A59-2F9CC62481A4}.Debug|x64.Build.0 = Debug|x64
		{678231F6-E5E5-473B-9A59-2F9CC62481A4}.Debug|x86.ActiveCfg = Debug|Win32
		{678231F6-E5E5-473B-9A59-2F9CC62481A4}.Debug|x86.Build.0 = Debug|Win32
		{678231F6-E5E5-473B-9A59-2F9CC62481A4}.Release|x64.ActiveCfg = Release|x64
		{678231F6-E5E5-473B-9A59-2F9CC62481A4}.Release|x64.Build.0 = Release|x64
		{678231F6-E5E5-473B-9A59-2F9CC62481A4}.Release|x86.ActiveCfg = Release|Win32
		{678231F6-E5E5-473B-9A59-2F9CC62481A4}.Release|x86.Build.0 = Release|Win32
		{765F4845-1C40-4F12-9A18-64518E9E41CE}.Debug|x64.ActiveCfg = Debug|x64
		{765F4845-1C40-4F12-9A18-64518E9E41CE}.Debug|x64.Build.0 = Debug|x64
		{765F4845-1C40-4F12-9A18-64518E9E41CE}.Debug|x86.ActiveCfg = Debug|Win32
		{765F4845-1C40-4F12-9A18-64518E9E41CE}.Debug|x86.Build.0 = Debug|Win32
		{765F4845-1C40-4F12-9A18-64518E9E41CE}.Release|x64.ActiveCfg = Release|x64
		{765F4845-1C40-4F12-9A18-64518E9E41CE}.Release|x64.Build.0 = Release|x64
		{765F4845-1C40-4F12-9A18-64518E9E41CE}.Release|x86.ActiveCfg = Release|Win32
		{765F4845-1C40-4F12-9A18-64518E9E41CE}.Release|x86.Build.0 = Release|Win32
	EndGlobalSection
	GlobalSection(SolutionProperties) = preSolution
		HideSolutionNode = FALSE
	EndGlobalSection
	GlobalSection(NestedProjects) = preSolution
		{C6C76793-F534-49E7-8C37-195E6AA334E6} = {1E2F0B29-D6FE-46B7-AA0E-238A90517D4A}
		{5063B9A1-C79C-457B-8188-B0D89FF4D635} = {1E2F0B29-D6FE-46B7-AA0E-238A90517D4A}
		{0DBBA715-C713-4150-90C0-7D8FF03B3B63} = {1E2F0B29-D6FE-46B7-AA0E-238A90517D4A}
		{9015E829-578E-478E-93D9-EFD6928AC994} = {1E2F0B29-D6FE-46B7-AA0E-238A90517D4A}
		{F0332933-C8FB-4E32-AAB5-A8974812D0AE} = {1E2F0B29-D6FE-46B7-AA0E-238A90517D4A}
		{9EA2877F-F2B8-4345-9771-E024FCA67407} = {1E2F0B29-D6FE-46B7-AA0E-238A90517D4A}
		{67A17178-ED41-48D6-811E-0FBB079ABA08} = {1E2F0B29-D6FE-46B7-AA0E-238A90517D4A}
		{9D0841E6-09A0-4896-8DBA-B5BF08D4A811} = {1E2F0B29-D6FE-46B7-AA0E-238A90517D4A}
		{3B3B5669-C3C7-4F4D-9DF5-F6981067C56A} = {1E2F0B29-D6FE-46B7-AA0E-238A90517D4A}
		{76632AF7-C7F7-432E-9A6F-36DAD665DE20} = {1E2F0B29-D6FE-46B7-AA0E-238A90517D4A}
		{481D9EEB-E626-40EB-9987-5511D2677CAA} = {1E2F0B29-D6FE-46B7-AA0E-238A90517D4A}
		{500F6A26-8857-4CA8-B723-F68DF2ED7806} = {1E2F0B29-D6FE-46B7-AA0E-238A90517D4A}
		{3AF6B86D-258D-406C-9BC3-0F243EE730F1} = {1E2F0B29-D6FE-46B7-AA0E-238A90517D4A}
		{678231F6-E5E5-473B-9A59-2F9CC62481A4} = {1E2F0B29-D6FE-46B7-AA0E-238A90517D4A}
		{765F4845-1C40-4F12-9A18-64518E9E41CE} = {1E2F0B29-D6FE-46B7-AA0E-238A90517D4A}
	EndGlobalSection
	GlobalSection(ExtensibilityGlobals) = postSolution
		SolutionGuid = {1AEC3999-7CB3-46DA-87B1-35BE9D36D07E}
	EndGlobalSection
EndGlobal
