
Microsoft Visual Studio Solution File, Format Version 12.00
# Visual Studio 14
VisualStudioVersion = 14.0.25420.1
MinimumVisualStudioVersion = 10.0.40219.1
Project("{FAE04EC0-301F-11D3-BF4B-00C04F79EFBC}") = "VehicleClassifierNet", "VehicleClassifierNet.csproj", "{35F009E3-8F08-4DBD-94C5-0613A5C1DC65}"
EndProject
Project("{FAE04EC0-301F-11D3-BF4B-00C04F79EFBC}") = "VehicleClassifierNetTest", "..\VehicleClassifierNetTest\VehicleClassifierNetTest.csproj", "{3444B403-7449-4B87-AACF-1E5BD789D1F8}"
EndProject
Global
	GlobalSection(SolutionConfigurationPlatforms) = preSolution
		Debug|Any CPU = Debug|Any CPU
		Debug|x64 = Debug|x64
		Release|Any CPU = Release|Any CPU
		Release|x64 = Release|x64
	EndGlobalSection
	GlobalSection(ProjectConfigurationPlatforms) = postSolution
		{35F009E3-8F08-4DBD-94C5-0613A5C1DC65}.Debug|Any CPU.ActiveCfg = Debug|Any CPU
		{35F009E3-8F08-4DBD-94C5-0613A5C1DC65}.Debug|Any CPU.Build.0 = Debug|Any CPU
		{35F009E3-8F08-4DBD-94C5-0613A5C1DC65}.Debug|x64.ActiveCfg = Debug|x64
		{35F009E3-8F08-4DBD-94C5-0613A5C1DC65}.Debug|x64.Build.0 = Debug|x64
		{35F009E3-8F08-4DBD-94C5-0613A5C1DC65}.Release|Any CPU.ActiveCfg = Release|Any CPU
		{35F009E3-8F08-4DBD-94C5-0613A5C1DC65}.Release|Any CPU.Build.0 = Release|Any CPU
		{35F009E3-8F08-4DBD-94C5-0613A5C1DC65}.Release|x64.ActiveCfg = Release|x64
		{35F009E3-8F08-4DBD-94C5-0613A5C1DC65}.Release|x64.Build.0 = Release|x64
		{3444B403-7449-4B87-AACF-1E5BD789D1F8}.Debug|Any CPU.ActiveCfg = Debug|Any CPU
		{3444B403-7449-4B87-AACF-1E5BD789D1F8}.Debug|Any CPU.Build.0 = Debug|Any CPU
		{3444B403-7449-4B87-AACF-1E5BD789D1F8}.Debug|x64.ActiveCfg = Debug|x64
		{3444B403-7449-4B87-AACF-1E5BD789D1F8}.Debug|x64.Build.0 = Debug|x64
		{3444B403-7449-4B87-AACF-1E5BD789D1F8}.Release|Any CPU.ActiveCfg = Release|Any CPU
		{3444B403-7449-4B87-AACF-1E5BD789D1F8}.Release|Any CPU.Build.0 = Release|Any CPU
		{3444B403-7449-4B87-AACF-1E5BD789D1F8}.Release|x64.ActiveCfg = Release|x64
		{3444B403-7449-4B87-AACF-1E5BD789D1F8}.Release|x64.Build.0 = Release|x64
	EndGlobalSection
	GlobalSection(SolutionProperties) = preSolution
		HideSolutionNode = FALSE
	EndGlobalSection
EndGlobal
