<?xml version="1.0" encoding="utf-8"?>
<Project ToolsVersion="4.0" xmlns="http://schemas.microsoft.com/developer/msbuild/2003">
  <ItemGroup>
    <Filter Include="Source Files">
      <UniqueIdentifier>{4FC737F1-C7A5-4376-A066-2A32D752A2FF}</UniqueIdentifier>
      <Extensions>cpp;c;cc;cxx;c++;cppm;ixx;def;odl;idl;hpj;bat;asm;asmx</Extensions>
    </Filter>
    <Filter Include="Header Files">
      <UniqueIdentifier>{93995380-89BD-4b04-88EB-625FBE52EBFB}</UniqueIdentifier>
      <Extensions>h;hh;hpp;hxx;h++;hm;inl;inc;ipp;xsd</Extensions>
    </Filter>
    <Filter Include="Resource Files">
      <UniqueIdentifier>{67DA6AB6-F800-4c08-8B7A-83BB121AAD01}</UniqueIdentifier>
      <Extensions>rc;ico;cur;bmp;dlg;rc2;rct;bin;rgs;gif;jpg;jpeg;jpe;resx;tiff;tif;png;wav;mfcribbon-ms</Extensions>
    </Filter>
  </ItemGroup>
  <ItemGroup>
    <ClCompile Include="alpr.cpp">
      <Filter>Source Files</Filter>
    </ClCompile>
    <ClCompile Include="alpr_impl.cpp">
      <Filter>Source Files</Filter>
    </ClCompile>
    <ClCompile Include="binarize_wolf.cpp">
      <Filter>Source Files</Filter>
    </ClCompile>
    <ClCompile Include="colorfilter.cpp">
      <Filter>Source Files</Filter>
    </ClCompile>
    <ClCompile Include="config.cpp">
      <Filter>Source Files</Filter>
    </ClCompile>
    <ClCompile Include="config_helper.cpp">
      <Filter>Source Files</Filter>
    </ClCompile>
    <ClCompile Include="licenseplatecandidate.cpp">
      <Filter>Source Files</Filter>
    </ClCompile>
    <ClCompile Include="motiondetector.cpp">
      <Filter>Source Files</Filter>
    </ClCompile>
    <ClCompile Include="pipeline_data.cpp">
      <Filter>Source Files</Filter>
    </ClCompile>
    <ClCompile Include="prewarp.cpp">
      <Filter>Source Files</Filter>
    </ClCompile>
    <ClCompile Include="result_aggregator.cpp">
      <Filter>Source Files</Filter>
    </ClCompile>
    <ClCompile Include="transformation.cpp">
      <Filter>Source Files</Filter>
    </ClCompile>
    <ClCompile Include="utility.cpp">
      <Filter>Source Files</Filter>
    </ClCompile>
    <ClCompile Include="detection\detector.cpp">
      <Filter>Source Files</Filter>
    </ClCompile>
    <ClCompile Include="detection\detectorcpu.cpp">
      <Filter>Source Files</Filter>
    </ClCompile>
    <ClCompile Include="detection\detectorcuda.cpp">
      <Filter>Source Files</Filter>
    </ClCompile>
    <ClCompile Include="detection\detectorfactory.cpp">
      <Filter>Source Files</Filter>
    </ClCompile>
    <ClCompile Include="detection\detectormask.cpp">
      <Filter>Source Files</Filter>
    </ClCompile>
    <ClCompile Include="detection\detectormorph.cpp">
      <Filter>Source Files</Filter>
    </ClCompile>
    <ClCompile Include="detection\detectorocl.cpp">
      <Filter>Source Files</Filter>
    </ClCompile>
    <ClCompile Include="edges\edgefinder.cpp">
      <Filter>Source Files</Filter>
    </ClCompile>
    <ClCompile Include="edges\platecorners.cpp">
      <Filter>Source Files</Filter>
    </ClCompile>
    <ClCompile Include="edges\platelines.cpp">
      <Filter>Source Files</Filter>
    </ClCompile>
    <ClCompile Include="edges\scorekeeper.cpp">
      <Filter>Source Files</Filter>
    </ClCompile>
    <ClCompile Include="edges\textlinecollection.cpp">
      <Filter>Source Files</Filter>
    </ClCompile>
    <ClCompile Include="ocr\ocr.cpp">
      <Filter>Source Files</Filter>
    </ClCompile>
    <ClCompile Include="ocr\ocrfactory.cpp">
      <Filter>Source Files</Filter>
    </ClCompile>
    <ClCompile Include="ocr\tesseract_ocr.cpp">
      <Filter>Source Files</Filter>
    </ClCompile>
    <ClCompile Include="ocr\segmentation\charactersegmenter.cpp">
      <Filter>Source Files</Filter>
    </ClCompile>
    <ClCompile Include="ocr\segmentation\histogram.cpp">
      <Filter>Source Files</Filter>
    </ClCompile>
    <ClCompile Include="ocr\segmentation\histogramhorizontal.cpp">
      <Filter>Source Files</Filter>
    </ClCompile>
    <ClCompile Include="ocr\segmentation\histogramvertical.cpp">
      <Filter>Source Files</Filter>
    </ClCompile>
    <ClCompile Include="postprocess\postprocess.cpp">
      <Filter>Source Files</Filter>
    </ClCompile>
    <ClCompile Include="postprocess\regexrule.cpp">
      <Filter>Source Files</Filter>
    </ClCompile>
    <ClCompile Include="simpleini\ConvertUTF.c">
      <Filter>Source Files</Filter>
    </ClCompile>
    <ClCompile Include="support\filesystem.cpp">
      <Filter>Source Files</Filter>
    </ClCompile>
    <ClCompile Include="support\platform.cpp">
      <Filter>Source Files</Filter>
    </ClCompile>
    <ClCompile Include="support\timing.cpp">
      <Filter>Source Files</Filter>
    </ClCompile>
    <ClCompile Include="support\tinythread.cpp">
      <Filter>Source Files</Filter>
    </ClCompile>
    <ClCompile Include="support\utf8.cpp">
      <Filter>Source Files</Filter>
    </ClCompile>
    <ClCompile Include="support\version.cpp">
      <Filter>Source Files</Filter>
    </ClCompile>
    <ClCompile Include="support\re2\bitstate.cc">
      <Filter>Source Files</Filter>
    </ClCompile>
    <ClCompile Include="support\re2\compile.cc">
      <Filter>Source Files</Filter>
    </ClCompile>
    <ClCompile Include="support\re2\dfa.cc">
      <Filter>Source Files</Filter>
    </ClCompile>
    <ClCompile Include="support\re2\filtered_re2.cc">
      <Filter>Source Files</Filter>
    </ClCompile>
    <ClCompile Include="support\re2\mimics_pcre.cc">
      <Filter>Source Files</Filter>
    </ClCompile>
    <ClCompile Include="support\re2\nfa.cc">
      <Filter>Source Files</Filter>
    </ClCompile>
    <ClCompile Include="support\re2\onepass.cc">
      <Filter>Source Files</Filter>
    </ClCompile>
    <ClCompile Include="support\re2\parse.cc">
      <Filter>Source Files</Filter>
    </ClCompile>
    <ClCompile Include="support\re2\perl_groups.cc">
      <Filter>Source Files</Filter>
    </ClCompile>
    <ClCompile Include="support\re2\prefilter.cc">
      <Filter>Source Files</Filter>
    </ClCompile>
    <ClCompile Include="support\re2\prefilter_tree.cc">
      <Filter>Source Files</Filter>
    </ClCompile>
    <ClCompile Include="support\re2\prog.cc">
      <Filter>Source Files</Filter>
    </ClCompile>
    <ClCompile Include="support\re2\re2.cc">
      <Filter>Source Files</Filter>
    </ClCompile>
    <ClCompile Include="support\re2\regexp.cc">
      <Filter>Source Files</Filter>
    </ClCompile>
    <ClCompile Include="support\re2\set.cc">
      <Filter>Source Files</Filter>
    </ClCompile>
    <ClCompile Include="support\re2\simplify.cc">
      <Filter>Source Files</Filter>
    </ClCompile>
    <ClCompile Include="support\re2\stringpiece.cc">
      <Filter>Source Files</Filter>
    </ClCompile>
    <ClCompile Include="support\re2\tostring.cc">
      <Filter>Source Files</Filter>
    </ClCompile>
    <ClCompile Include="support\re2\unicode_casefold.cc">
      <Filter>Source Files</Filter>
    </ClCompile>
    <ClCompile Include="support\re2\unicode_groups.cc">
      <Filter>Source Files</Filter>
    </ClCompile>
    <ClCompile Include="support\re2\util\hash.cc">
      <Filter>Source Files</Filter>
    </ClCompile>
    <ClCompile Include="support\re2\util\rune.cc">
      <Filter>Source Files</Filter>
    </ClCompile>
    <ClCompile Include="support\re2\util\stringprintf.cc">
      <Filter>Source Files</Filter>
    </ClCompile>
    <ClCompile Include="support\re2\util\strutil.cc">
      <Filter>Source Files</Filter>
    </ClCompile>
    <ClCompile Include="support\re2\util\valgrind.cc">
      <Filter>Source Files</Filter>
    </ClCompile>
    <ClCompile Include="cjson.c">
      <Filter>Source Files</Filter>
    </ClCompile>
    <ClCompile Include="textdetection\textline.cpp">
      <Filter>Source Files</Filter>
    </ClCompile>
    <ClCompile Include="textdetection\characteranalysis.cpp">
      <Filter>Source Files</Filter>
    </ClCompile>
    <ClCompile Include="textdetection\linefinder.cpp">
      <Filter>Source Files</Filter>
    </ClCompile>
    <ClCompile Include="textdetection\textcontours.cpp">
      <Filter>Source Files</Filter>
    </ClCompile>
    <ClCompile Include="textdetection\platemask.cpp">
      <Filter>Source Files</Filter>
    </ClCompile>
  </ItemGroup>
  <ItemGroup>
    <ClInclude Include="alpr.h">
      <Filter>Header Files</Filter>
    </ClInclude>
    <ClInclude Include="alpr_c.h">
      <Filter>Header Files</Filter>
    </ClInclude>
    <ClInclude Include="alpr_impl.h">
      <Filter>Header Files</Filter>
    </ClInclude>
    <ClInclude Include="binarize_wolf.h">
      <Filter>Header Files</Filter>
    </ClInclude>
    <ClInclude Include="cjson.h">
      <Filter>Header Files</Filter>
    </ClInclude>
    <ClInclude Include="colorfilter.h">
      <Filter>Header Files</Filter>
    </ClInclude>
    <ClInclude Include="config.h">
      <Filter>Header Files</Filter>
    </ClInclude>
    <ClInclude Include="config_helper.h">
      <Filter>Header Files</Filter>
    </ClInclude>
    <ClInclude Include="constants.h">
      <Filter>Header Files</Filter>
    </ClInclude>
    <ClInclude Include="licenseplatecandidate.h">
      <Filter>Header Files</Filter>
    </ClInclude>
    <ClInclude Include="motiondetector.h">
      <Filter>Header Files</Filter>
    </ClInclude>
    <ClInclude Include="pipeline_data.h">
      <Filter>Header Files</Filter>
    </ClInclude>
    <ClInclude Include="prewarp.h">
      <Filter>Header Files</Filter>
    </ClInclude>
    <ClInclude Include="result_aggregator.h">
      <Filter>Header Files</Filter>
    </ClInclude>
    <ClInclude Include="transformation.h">
      <Filter>Header Files</Filter>
    </ClInclude>
    <ClInclude Include="TRexpp.h">
      <Filter>Header Files</Filter>
    </ClInclude>
    <ClInclude Include="utility.h">
      <Filter>Header Files</Filter>
    </ClInclude>
    <ClInclude Include="detection\detector.h">
      <Filter>Header Files</Filter>
    </ClInclude>
    <ClInclude Include="detection\detector_types.h">
      <Filter>Header Files</Filter>
    </ClInclude>
    <ClInclude Include="detection\detectorcpu.h">
      <Filter>Header Files</Filter>
    </ClInclude>
    <ClInclude Include="detection\detectorcuda.h">
      <Filter>Header Files</Filter>
    </ClInclude>
    <ClInclude Include="detection\detectorfactory.h">
      <Filter>Header Files</Filter>
    </ClInclude>
    <ClInclude Include="detection\detectormask.h">
      <Filter>Header Files</Filter>
    </ClInclude>
    <ClInclude Include="detection\detectormorph.h">
      <Filter>Header Files</Filter>
    </ClInclude>
    <ClInclude Include="detection\detectorocl.h">
      <Filter>Header Files</Filter>
    </ClInclude>
    <ClInclude Include="edges\edgefinder.h">
      <Filter>Header Files</Filter>
    </ClInclude>
    <ClInclude Include="edges\platecorners.h">
      <Filter>Header Files</Filter>
    </ClInclude>
    <ClInclude Include="edges\platelines.h">
      <Filter>Header Files</Filter>
    </ClInclude>
    <ClInclude Include="edges\scorekeeper.h">
      <Filter>Header Files</Filter>
    </ClInclude>
    <ClInclude Include="edges\textlinecollection.h">
      <Filter>Header Files</Filter>
    </ClInclude>
    <ClInclude Include="ocr\ocr.h">
      <Filter>Header Files</Filter>
    </ClInclude>
    <ClInclude Include="ocr\ocrfactory.h">
      <Filter>Header Files</Filter>
    </ClInclude>
    <ClInclude Include="ocr\tesseract_ocr.h">
      <Filter>Header Files</Filter>
    </ClInclude>
    <ClInclude Include="ocr\segmentation\charactersegmenter.h">
      <Filter>Header Files</Filter>
    </ClInclude>
    <ClInclude Include="ocr\segmentation\histogram.h">
      <Filter>Header Files</Filter>
    </ClInclude>
    <ClInclude Include="ocr\segmentation\histogramhorizontal.h">
      <Filter>Header Files</Filter>
    </ClInclude>
    <ClInclude Include="ocr\segmentation\histogramvertical.h">
      <Filter>Header Files</Filter>
    </ClInclude>
    <ClInclude Include="postprocess\postprocess.h">
      <Filter>Header Files</Filter>
    </ClInclude>
    <ClInclude Include="postprocess\regexrule.h">
      <Filter>Header Files</Filter>
    </ClInclude>
    <ClInclude Include="simpleini\ConvertUTF.h">
      <Filter>Header Files</Filter>
    </ClInclude>
    <ClInclude Include="simpleini\simpleini.h">
      <Filter>Header Files</Filter>
    </ClInclude>
    <ClInclude Include="support\re2\filtered_re2.h">
      <Filter>Header Files</Filter>
    </ClInclude>
    <ClInclude Include="support\re2\prefilter.h">
      <Filter>Header Files</Filter>
    </ClInclude>
    <ClInclude Include="support\re2\prefilter_tree.h">
      <Filter>Header Files</Filter>
    </ClInclude>
    <ClInclude Include="support\re2\prog.h">
      <Filter>Header Files</Filter>
    </ClInclude>
    <ClInclude Include="support\re2\regexp.h">
      <Filter>Header Files</Filter>
    </ClInclude>
    <ClInclude Include="support\re2\set.h">
      <Filter>Header Files</Filter>
    </ClInclude>
    <ClInclude Include="support\re2\stringpiece.h">
      <Filter>Header Files</Filter>
    </ClInclude>
    <ClInclude Include="support\re2\unicode_casefold.h">
      <Filter>Header Files</Filter>
    </ClInclude>
    <ClInclude Include="support\re2\unicode_groups.h">
      <Filter>Header Files</Filter>
    </ClInclude>
    <ClInclude Include="support\re2\variadic_function.h">
      <Filter>Header Files</Filter>
    </ClInclude>
    <ClInclude Include="support\re2\walker-inl.h">
      <Filter>Header Files</Filter>
    </ClInclude>
    <ClInclude Include="support\re2\util\atomicops.h">
      <Filter>Header Files</Filter>
    </ClInclude>
    <ClInclude Include="support\re2\util\benchmark.h">
      <Filter>Header Files</Filter>
    </ClInclude>
    <ClInclude Include="support\re2\util\flags.h">
      <Filter>Header Files</Filter>
    </ClInclude>
    <ClInclude Include="support\re2\util\logging.h">
      <Filter>Header Files</Filter>
    </ClInclude>
    <ClInclude Include="support\re2\util\mutex.h">
      <Filter>Header Files</Filter>
    </ClInclude>
    <ClInclude Include="support\re2\util\pcre.h">
      <Filter>Header Files</Filter>
    </ClInclude>
    <ClInclude Include="support\re2\util\random.h">
      <Filter>Header Files</Filter>
    </ClInclude>
    <ClInclude Include="support\re2\util\sparse_array.h">
      <Filter>Header Files</Filter>
    </ClInclude>
    <ClInclude Include="support\re2\util\sparse_set.h">
      <Filter>Header Files</Filter>
    </ClInclude>
    <ClInclude Include="support\re2\util\test.h">
      <Filter>Header Files</Filter>
    </ClInclude>
    <ClInclude Include="support\re2\util\thread.h">
      <Filter>Header Files</Filter>
    </ClInclude>
    <ClInclude Include="support\re2\util\utf.h">
      <Filter>Header Files</Filter>
    </ClInclude>
    <ClInclude Include="support\re2\util\util.h">
      <Filter>Header Files</Filter>
    </ClInclude>
    <ClInclude Include="support\re2\util\valgrind.h">
      <Filter>Header Files</Filter>
    </ClInclude>
    <ClInclude Include="support\utf8\checked.h">
      <Filter>Header Files</Filter>
    </ClInclude>
    <ClInclude Include="support\utf8\core.h">
      <Filter>Header Files</Filter>
    </ClInclude>
    <ClInclude Include="support\utf8\unchecked.h">
      <Filter>Header Files</Filter>
    </ClInclude>
    <ClInclude Include="support\windows\dirent.h">
      <Filter>Header Files</Filter>
    </ClInclude>
    <ClInclude Include="support\windows\unistd_partial.h">
      <Filter>Header Files</Filter>
    </ClInclude>
    <ClInclude Include="support\windows\utils.h">
      <Filter>Header Files</Filter>
    </ClInclude>
    <ClInclude Include="support\fast_mutex.h">
      <Filter>Header Files</Filter>
    </ClInclude>
    <ClInclude Include="support\filesystem.h">
      <Filter>Header Files</Filter>
    </ClInclude>
    <ClInclude Include="support\platform.h">
      <Filter>Header Files</Filter>
    </ClInclude>
    <ClInclude Include="support\re2.h">
      <Filter>Header Files</Filter>
    </ClInclude>
    <ClInclude Include="support\timing.h">
      <Filter>Header Files</Filter>
    </ClInclude>
    <ClInclude Include="support\tinydir.h">
      <Filter>Header Files</Filter>
    </ClInclude>
    <ClInclude Include="support\tinythread.h">
      <Filter>Header Files</Filter>
    </ClInclude>
    <ClInclude Include="support\utf8.h">
      <Filter>Header Files</Filter>
    </ClInclude>
    <ClInclude Include="support\version.h">
      <Filter>Header Files</Filter>
    </ClInclude>
    <ClInclude Include="textdetection\characteranalysis.h">
      <Filter>Header Files</Filter>
    </ClInclude>
    <ClInclude Include="textdetection\linefinder.h">
      <Filter>Header Files</Filter>
    </ClInclude>
    <ClInclude Include="textdetection\platemask.h">
      <Filter>Header Files</Filter>
    </ClInclude>
    <ClInclude Include="textdetection\textcontours.h">
      <Filter>Header Files</Filter>
    </ClInclude>
    <ClInclude Include="textdetection\textline.h">
      <Filter>Header Files</Filter>
    </ClInclude>
  </ItemGroup>
</Project>